
Microsoft Visual Studio Solution File, Format Version 12.00
# Visual Studio 15
VisualStudioVersion = 15.0.28307.757
MinimumVisualStudioVersion = 10.0.40219.1
Project("{8BC9CEB8-8B4A-11D0-8D11-00A0C91BC942}") = "Week5", "Week5\Week5.vcxproj", "{678DB0A0-C337-4773-AF39-B1776EE45E67}"
EndProject
Project("{8BC9CEB8-8B4A-11D0-8D11-00A0C91BC942}") = "Week6", "Week6\Week6.vcxproj", "{2CB521A4-6B08-4BEF-A420-7DD8774F8B7F}"
EndProject
Project("{8BC9CEB8-8B4A-11D0-8D11-00A0C91BC942}") = "Week7", "Week7\Week7.vcxproj", "{4B79FE69-376B-42D0-A0D9-D538211B5A43}"
EndProject
Project("{8BC9CEB8-8B4A-11D0-8D11-00A0C91BC942}") = "Week8", "Week 8\Week 8.vcxproj", "{05ABA273-C66C-4EA9-AA30-699203565EEB}"
EndProject
Project("{8BC9CEB8-8B4A-11D0-8D11-00A0C91BC942}") = "Week9", "Week9\Week9.vcxproj", "{8B70EA5E-B0D0-4DA7-9695-2673158CD163}"
EndProject
Project("{8BC9CEB8-8B4A-11D0-8D11-00A0C91BC942}") = "Week10", "Week10\Week10.vcxproj", "{15DB4428-3973-46E2-B423-D561C7BC4CE8}"
EndProject
Project("{8BC9CEB8-8B4A-11D0-8D11-00A0C91BC942}") = "Week11", "Week11\Week11.vcxproj", "{9633819E-650A-4238-9861-2668A4DBAF5F}"
EndProject
Global
	GlobalSection(SolutionConfigurationPlatforms) = preSolution
		Debug|x64 = Debug|x64
		Debug|x86 = Debug|x86
		Release|x64 = Release|x64
		Release|x86 = Release|x86
	EndGlobalSection
	GlobalSection(ProjectConfigurationPlatforms) = postSolution
		{678DB0A0-C337-4773-AF39-B1776EE45E67}.Debug|x64.ActiveCfg = Debug|x64
		{678DB0A0-C337-4773-AF39-B1776EE45E67}.Debug|x64.Build.0 = Debug|x64
		{678DB0A0-C337-4773-AF39-B1776EE45E67}.Debug|x86.ActiveCfg = Debug|Win32
		{678DB0A0-C337-4773-AF39-B1776EE45E67}.Debug|x86.Build.0 = Debug|Win32
		{678DB0A0-C337-4773-AF39-B1776EE45E67}.Release|x64.ActiveCfg = Release|x64
		{678DB0A0-C337-4773-AF39-B1776EE45E67}.Release|x64.Build.0 = Release|x64
		{678DB0A0-C337-4773-AF39-B1776EE45E67}.Release|x86.ActiveCfg = Release|Win32
		{678DB0A0-C337-4773-AF39-B1776EE45E67}.Release|x86.Build.0 = Release|Win32
		{2CB521A4-6B08-4BEF-A420-7DD8774F8B7F}.Debug|x64.ActiveCfg = Debug|x64
		{2CB521A4-6B08-4BEF-A420-7DD8774F8B7F}.Debug|x64.Build.0 = Debug|x64
		{2CB521A4-6B08-4BEF-A420-7DD8774F8B7F}.Debug|x86.ActiveCfg = Debug|Win32
		{2CB521A4-6B08-4BEF-A420-7DD8774F8B7F}.Debug|x86.Build.0 = Debug|Win32
		{2CB521A4-6B08-4BEF-A420-7DD8774F8B7F}.Release|x64.ActiveCfg = Release|x64
		{2CB521A4-6B08-4BEF-A420-7DD8774F8B7F}.Release|x64.Build.0 = Release|x64
		{2CB521A4-6B08-4BEF-A420-7DD8774F8B7F}.Release|x86.ActiveCfg = Release|Win32
		{2CB521A4-6B08-4BEF-A420-7DD8774F8B7F}.Release|x86.Build.0 = Release|Win32
		{4B79FE69-376B-42D0-A0D9-D538211B5A43}.Debug|x64.ActiveCfg = Debug|x64
		{4B79FE69-376B-42D0-A0D9-D538211B5A43}.Debug|x64.Build.0 = Debug|x64
		{4B79FE69-376B-42D0-A0D9-D538211B5A43}.Debug|x86.ActiveCfg = Debug|Win32
		{4B79FE69-376B-42D0-A0D9-D538211B5A43}.Debug|x86.Build.0 = Debug|Win32
		{4B79FE69-376B-42D0-A0D9-D538211B5A43}.Release|x64.ActiveCfg = Release|x64
		{4B79FE69-376B-42D0-A0D9-D538211B5A43}.Release|x64.Build.0 = Release|x64
		{4B79FE69-376B-42D0-A0D9-D538211B5A43}.Release|x86.ActiveCfg = Release|Win32
		{4B79FE69-376B-42D0-A0D9-D538211B5A43}.Release|x86.Build.0 = Release|Win32
		{05ABA273-C66C-4EA9-AA30-699203565EEB}.Debug|x64.ActiveCfg = Debug|x64
		{05ABA273-C66C-4EA9-AA30-699203565EEB}.Debug|x64.Build.0 = Debug|x64
		{05ABA273-C66C-4EA9-AA30-699203565EEB}.Debug|x86.ActiveCfg = Debug|Win32
		{05ABA273-C66C-4EA9-AA30-699203565EEB}.Debug|x86.Build.0 = Debug|Win32
		{05ABA273-C66C-4EA9-AA30-699203565EEB}.Release|x64.ActiveCfg = Release|x64
		{05ABA273-C66C-4EA9-AA30-699203565EEB}.Release|x64.Build.0 = Release|x64
		{05ABA273-C66C-4EA9-AA30-699203565EEB}.Release|x86.ActiveCfg = Release|Win32
		{05ABA273-C66C-4EA9-AA30-699203565EEB}.Release|x86.Build.0 = Release|Win32
		{8B70EA5E-B0D0-4DA7-9695-2673158CD163}.Debug|x64.ActiveCfg = Debug|x64
		{8B70EA5E-B0D0-4DA7-9695-2673158CD163}.Debug|x64.Build.0 = Debug|x64
		{8B70EA5E-B0D0-4DA7-9695-2673158CD163}.Debug|x86.ActiveCfg = Debug|Win32
		{8B70EA5E-B0D0-4DA7-9695-2673158CD163}.Debug|x86.Build.0 = Debug|Win32
		{8B70EA5E-B0D0-4DA7-9695-2673158CD163}.Release|x64.ActiveCfg = Release|x64
		{8B70EA5E-B0D0-4DA7-9695-2673158CD163}.Release|x64.Build.0 = Release|x64
		{8B70EA5E-B0D0-4DA7-9695-2673158CD163}.Release|x86.ActiveCfg = Release|Win32
		{8B70EA5E-B0D0-4DA7-9695-2673158CD163}.Release|x86.Build.0 = Release|Win32
		{15DB4428-3973-46E2-B423-D561C7BC4CE8}.Debug|x64.ActiveCfg = Debug|x64
		{15DB4428-3973-46E2-B423-D561C7BC4CE8}.Debug|x64.Build.0 = Debug|x64
		{15DB4428-3973-46E2-B423-D561C7BC4CE8}.Debug|x86.ActiveCfg = Debug|Win32
		{15DB4428-3973-46E2-B423-D561C7BC4CE8}.Debug|x86.Build.0 = Debug|Win32
		{15DB4428-3973-46E2-B423-D561C7BC4CE8}.Release|x64.ActiveCfg = Release|x64
		{15DB4428-3973-46E2-B423-D561C7BC4CE8}.Release|x64.Build.0 = Release|x64
		{15DB4428-3973-46E2-B423-D561C7BC4CE8}.Release|x86.ActiveCfg = Release|Win32
		{15DB4428-3973-46E2-B423-D561C7BC4CE8}.Release|x86.Build.0 = Release|Win32
		{9633819E-650A-4238-9861-2668A4DBAF5F}.Debug|x64.ActiveCfg = Debug|x64
		{9633819E-650A-4238-9861-2668A4DBAF5F}.Debug|x64.Build.0 = Debug|x64
		{9633819E-650A-4238-9861-2668A4DBAF5F}.Debug|x86.ActiveCfg = Debug|Win32
		{9633819E-650A-4238-9861-2668A4DBAF5F}.Debug|x86.Build.0 = Debug|Win32
		{9633819E-650A-4238-9861-2668A4DBAF5F}.Release|x64.ActiveCfg = Release|x64
		{9633819E-650A-4238-9861-2668A4DBAF5F}.Release|x64.Build.0 = Release|x64
		{9633819E-650A-4238-9861-2668A4DBAF5F}.Release|x86.ActiveCfg = Release|Win32
		{9633819E-650A-4238-9861-2668A4DBAF5F}.Release|x86.Build.0 = Release|Win32
	EndGlobalSection
	GlobalSection(SolutionProperties) = preSolution
		HideSolutionNode = FALSE
	EndGlobalSection
	GlobalSection(ExtensibilityGlobals) = postSolution
		SolutionGuid = {FE855A44-88E8-43B7-B06D-45C8060F64B3}
	EndGlobalSection
EndGlobal
